// !$*UTF8*$!
{
	archiveVersion = 1;
	classes = {
	};
	objectVersion = 50;
	objects = {

/* Begin PBXBuildFile section */
		16F7BFB32569F34D0034800B /* AppDelegate.swift in Sources */ = {isa = PBXBuildFile; fileRef = 16F7BFB22569F34D0034800B /* AppDelegate.swift */; };
		16F7BFB52569F34D0034800B /* SceneDelegate.swift in Sources */ = {isa = PBXBuildFile; fileRef = 16F7BFB42569F34D0034800B /* SceneDelegate.swift */; };
		16F7BFB72569F34D0034800B /* ViewController.swift in Sources */ = {isa = PBXBuildFile; fileRef = 16F7BFB62569F34D0034800B /* ViewController.swift */; };
		16F7BFBA2569F34D0034800B /* Main.storyboard in Resources */ = {isa = PBXBuildFile; fileRef = 16F7BFB82569F34D0034800B /* Main.storyboard */; };
		16F7BFBC2569F3510034800B /* Assets.xcassets in Resources */ = {isa = PBXBuildFile; fileRef = 16F7BFBB2569F3510034800B /* Assets.xcassets */; };
		16F7BFBF2569F3510034800B /* LaunchScreen.storyboard in Resources */ = {isa = PBXBuildFile; fileRef = 16F7BFBD2569F3510034800B /* LaunchScreen.storyboard */; };
		16F7BFCA2569F3510034800B /* InstaTests.swift in Sources */ = {isa = PBXBuildFile; fileRef = 16F7BFC92569F3510034800B /* InstaTests.swift */; };
		16F7BFD52569F3510034800B /* InstaUITests.swift in Sources */ = {isa = PBXBuildFile; fileRef = 16F7BFD42569F3510034800B /* InstaUITests.swift */; };
/* End PBXBuildFile section */

/* Begin PBXContainerItemProxy section */
		16F7BFC62569F3510034800B /* PBXContainerItemProxy */ = {
			isa = PBXContainerItemProxy;
			containerPortal = 16F7BFA72569F34D0034800B /* Project object */;
			proxyType = 1;
			remoteGlobalIDString = 16F7BFAE2569F34D0034800B;
			remoteInfo = Insta;
		};
		16F7BFD12569F3510034800B /* PBXContainerItemProxy */ = {
			isa = PBXContainerItemProxy;
			containerPortal = 16F7BFA72569F34D0034800B /* Project object */;
			proxyType = 1;
			remoteGlobalIDString = 16F7BFAE2569F34D0034800B;
			remoteInfo = Insta;
		};
/* End PBXContainerItemProxy section */

/* Begin PBXFileReference section */
		16F7BFAF2569F34D0034800B /* Insta.app */ = {isa = PBXFileReference; explicitFileType = wrapper.application; includeInIndex = 0; path = Insta.app; sourceTree = BUILT_PRODUCTS_DIR; };
		16F7BFB22569F34D0034800B /* AppDelegate.swift */ = {isa = PBXFileReference; lastKnownFileType = sourcecode.swift; path = AppDelegate.swift; sourceTree = "<group>"; };
		16F7BFB42569F34D0034800B /* SceneDelegate.swift */ = {isa = PBXFileReference; lastKnownFileType = sourcecode.swift; path = SceneDelegate.swift; sourceTree = "<group>"; };
		16F7BFB62569F34D0034800B /* ViewController.swift */ = {isa = PBXFileReference; lastKnownFileType = sourcecode.swift; path = ViewController.swift; sourceTree = "<group>"; };
		16F7BFB92569F34D0034800B /* Base */ = {isa = PBXFileReference; lastKnownFileType = file.storyboard; name = Base; path = Base.lproj/Main.storyboard; sourceTree = "<group>"; };
		16F7BFBB2569F3510034800B /* Assets.xcassets */ = {isa = PBXFileReference; lastKnownFileType = folder.assetcatalog; path = Assets.xcassets; sourceTree = "<group>"; };
		16F7BFBE2569F3510034800B /* Base */ = {isa = PBXFileReference; lastKnownFileType = file.storyboard; name = Base; path = Base.lproj/LaunchScreen.storyboard; sourceTree = "<group>"; };
		16F7BFC02569F3510034800B /* Info.plist */ = {isa = PBXFileReference; lastKnownFileType = text.plist.xml; path = Info.plist; sourceTree = "<group>"; };
		16F7BFC52569F3510034800B /* InstaTests.xctest */ = {isa = PBXFileReference; explicitFileType = wrapper.cfbundle; includeInIndex = 0; path = InstaTests.xctest; sourceTree = BUILT_PRODUCTS_DIR; };
		16F7BFC92569F3510034800B /* InstaTests.swift */ = {isa = PBXFileReference; lastKnownFileType = sourcecode.swift; path = InstaTests.swift; sourceTree = "<group>"; };
		16F7BFCB2569F3510034800B /* Info.plist */ = {isa = PBXFileReference; lastKnownFileType = text.plist.xml; path = Info.plist; sourceTree = "<group>"; };
		16F7BFD02569F3510034800B /* InstaUITests.xctest */ = {isa = PBXFileReference; explicitFileType = wrapper.cfbundle; includeInIndex = 0; path = InstaUITests.xctest; sourceTree = BUILT_PRODUCTS_DIR; };
		16F7BFD42569F3510034800B /* InstaUITests.swift */ = {isa = PBXFileReference; lastKnownFileType = sourcecode.swift; path = InstaUITests.swift; sourceTree = "<group>"; };
		16F7BFD62569F3510034800B /* Info.plist */ = {isa = PBXFileReference; lastKnownFileType = text.plist.xml; path = Info.plist; sourceTree = "<group>"; };
/* End PBXFileReference section */

/* Begin PBXFrameworksBuildPhase section */
		16F7BFAC2569F34D0034800B /* Frameworks */ = {
			isa = PBXFrameworksBuildPhase;
			buildActionMask = 2147483647;
			files = (
			);
			runOnlyForDeploymentPostprocessing = 0;
		};
		16F7BFC22569F3510034800B /* Frameworks */ = {
			isa = PBXFrameworksBuildPhase;
			buildActionMask = 2147483647;
			files = (
			);
			runOnlyForDeploymentPostprocessing = 0;
		};
		16F7BFCD2569F3510034800B /* Frameworks */ = {
			isa = PBXFrameworksBuildPhase;
			buildActionMask = 2147483647;
			files = (
			);
			runOnlyForDeploymentPostprocessing = 0;
		};
/* End PBXFrameworksBuildPhase section */

/* Begin PBXGroup section */
		16F7BFA62569F34D0034800B = {
			isa = PBXGroup;
			children = (
				16F7BFB12569F34D0034800B /* Insta */,
				16F7BFC82569F3510034800B /* InstaTests */,
				16F7BFD32569F3510034800B /* InstaUITests */,
				16F7BFB02569F34D0034800B /* Products */,
			);
			sourceTree = "<group>";
		};
		16F7BFB02569F34D0034800B /* Products */ = {
			isa = PBXGroup;
			children = (
				16F7BFAF2569F34D0034800B /* Insta.app */,
				16F7BFC52569F3510034800B /* InstaTests.xctest */,
				16F7BFD02569F3510034800B /* InstaUITests.xctest */,
			);
			name = Products;
			sourceTree = "<group>";
		};
		16F7BFB12569F34D0034800B /* Insta */ = {
			isa = PBXGroup;
			children = (
				16F7BFB22569F34D0034800B /* AppDelegate.swift */,
				16F7BFB42569F34D0034800B /* SceneDelegate.swift */,
				16F7BFB62569F34D0034800B /* ViewController.swift */,
				16F7BFB82569F34D0034800B /* Main.storyboard */,
				16F7BFBB2569F3510034800B /* Assets.xcassets */,
				16F7BFBD2569F3510034800B /* LaunchScreen.storyboard */,
				16F7BFC02569F3510034800B /* Info.plist */,
			);
			path = Insta;
			sourceTree = "<group>";
		};
		16F7BFC82569F3510034800B /* InstaTests */ = {
			isa = PBXGroup;
			children = (
				16F7BFC92569F3510034800B /* InstaTests.swift */,
				16F7BFCB2569F3510034800B /* Info.plist */,
			);
			path = InstaTests;
			sourceTree = "<group>";
		};
		16F7BFD32569F3510034800B /* InstaUITests */ = {
			isa = PBXGroup;
			children = (
				16F7BFD42569F3510034800B /* InstaUITests.swift */,
				16F7BFD62569F3510034800B /* Info.plist */,
			);
			path = InstaUITests;
			sourceTree = "<group>";
		};
/* End PBXGroup section */

/* Begin PBXNativeTarget section */
		16F7BFAE2569F34D0034800B /* Insta */ = {
			isa = PBXNativeTarget;
			buildConfigurationList = 16F7BFD92569F3510034800B /* Build configuration list for PBXNativeTarget "Insta" */;
			buildPhases = (
				16F7BFAB2569F34D0034800B /* Sources */,
				16F7BFAC2569F34D0034800B /* Frameworks */,
				16F7BFAD2569F34D0034800B /* Resources */,
			);
			buildRules = (
			);
			dependencies = (
			);
			name = Insta;
			productName = Insta;
			productReference = 16F7BFAF2569F34D0034800B /* Insta.app */;
			productType = "com.apple.product-type.application";
		};
		16F7BFC42569F3510034800B /* InstaTests */ = {
			isa = PBXNativeTarget;
			buildConfigurationList = 16F7BFDC2569F3510034800B /* Build configuration list for PBXNativeTarget "InstaTests" */;
			buildPhases = (
				16F7BFC12569F3510034800B /* Sources */,
				16F7BFC22569F3510034800B /* Frameworks */,
				16F7BFC32569F3510034800B /* Resources */,
			);
			buildRules = (
			);
			dependencies = (
				16F7BFC72569F3510034800B /* PBXTargetDependency */,
			);
			name = InstaTests;
			productName = InstaTests;
			productReference = 16F7BFC52569F3510034800B /* InstaTests.xctest */;
			productType = "com.apple.product-type.bundle.unit-test";
		};
		16F7BFCF2569F3510034800B /* InstaUITests */ = {
			isa = PBXNativeTarget;
			buildConfigurationList = 16F7BFDF2569F3510034800B /* Build configuration list for PBXNativeTarget "InstaUITests" */;
			buildPhases = (
				16F7BFCC2569F3510034800B /* Sources */,
				16F7BFCD2569F3510034800B /* Frameworks */,
				16F7BFCE2569F3510034800B /* Resources */,
			);
			buildRules = (
			);
			dependencies = (
				16F7BFD22569F3510034800B /* PBXTargetDependency */,
			);
			name = InstaUITests;
			productName = InstaUITests;
			productReference = 16F7BFD02569F3510034800B /* InstaUITests.xctest */;
			productType = "com.apple.product-type.bundle.ui-testing";
		};
/* End PBXNativeTarget section */

/* Begin PBXProject section */
		16F7BFA72569F34D0034800B /* Project object */ = {
			isa = PBXProject;
			attributes = {
				LastSwiftUpdateCheck = 1130;
				LastUpgradeCheck = 1130;
				ORGANIZATIONNAME = CodePath;
				TargetAttributes = {
					16F7BFAE2569F34D0034800B = {
						CreatedOnToolsVersion = 11.3.1;
					};
					16F7BFC42569F3510034800B = {
						CreatedOnToolsVersion = 11.3.1;
						TestTargetID = 16F7BFAE2569F34D0034800B;
					};
					16F7BFCF2569F3510034800B = {
						CreatedOnToolsVersion = 11.3.1;
						TestTargetID = 16F7BFAE2569F34D0034800B;
					};
				};
			};
			buildConfigurationList = 16F7BFAA2569F34D0034800B /* Build configuration list for PBXProject "Insta" */;
			compatibilityVersion = "Xcode 9.3";
			developmentRegion = en;
			hasScannedForEncodings = 0;
			knownRegions = (
				en,
				Base,
			);
			mainGroup = 16F7BFA62569F34D0034800B;
			productRefGroup = 16F7BFB02569F34D0034800B /* Products */;
			projectDirPath = "";
			projectRoot = "";
			targets = (
				16F7BFAE2569F34D0034800B /* Insta */,
				16F7BFC42569F3510034800B /* InstaTests */,
				16F7BFCF2569F3510034800B /* InstaUITests */,
			);
		};
/* End PBXProject section */

/* Begin PBXResourcesBuildPhase section */
		16F7BFAD2569F34D0034800B /* Resources */ = {
			isa = PBXResourcesBuildPhase;
			buildActionMask = 2147483647;
			files = (
				16F7BFBF2569F3510034800B /* LaunchScreen.storyboard in Resources */,
				16F7BFBC2569F3510034800B /* Assets.xcassets in Resources */,
				16F7BFBA2569F34D0034800B /* Main.storyboard in Resources */,
			);
			runOnlyForDeploymentPostprocessing = 0;
		};
		16F7BFC32569F3510034800B /* Resources */ = {
			isa = PBXResourcesBuildPhase;
			buildActionMask = 2147483647;
			files = (
			);
			runOnlyForDeploymentPostprocessing = 0;
		};
		16F7BFCE2569F3510034800B /* Resources */ = {
			isa = PBXResourcesBuildPhase;
			buildActionMask = 2147483647;
			files = (
			);
			runOnlyForDeploymentPostprocessing = 0;
		};
/* End PBXResourcesBuildPhase section */

/* Begin PBXSourcesBuildPhase section */
		16F7BFAB2569F34D0034800B /* Sources */ = {
			isa = PBXSourcesBuildPhase;
			buildActionMask = 2147483647;
			files = (
				16F7BFB72569F34D0034800B /* ViewController.swift in Sources */,
				16F7BFB32569F34D0034800B /* AppDelegate.swift in Sources */,
				16F7BFB52569F34D0034800B /* SceneDelegate.swift in Sources */,
			);
			runOnlyForDeploymentPostprocessing = 0;
		};
		16F7BFC12569F3510034800B /* Sources */ = {
			isa = PBXSourcesBuildPhase;
			buildActionMask = 2147483647;
			files = (
				16F7BFCA2569F3510034800B /* InstaTests.swift in Sources */,
			);
			runOnlyForDeploymentPostprocessing = 0;
		};
		16F7BFCC2569F3510034800B /* Sources */ = {
			isa = PBXSourcesBuildPhase;
			buildActionMask = 2147483647;
			files = (
				16F7BFD52569F3510034800B /* InstaUITests.swift in Sources */,
			);
			runOnlyForDeploymentPostprocessing = 0;
		};
/* End PBXSourcesBuildPhase section */

/* Begin PBXTargetDependency section */
		16F7BFC72569F3510034800B /* PBXTargetDependency */ = {
			isa = PBXTargetDependency;
			target = 16F7BFAE2569F34D0034800B /* Insta */;
			targetProxy = 16F7BFC62569F3510034800B /* PBXContainerItemProxy */;
		};
		16F7BFD22569F3510034800B /* PBXTargetDependency */ = {
			isa = PBXTargetDependency;
			target = 16F7BFAE2569F34D0034800B /* Insta */;
			targetProxy = 16F7BFD12569F3510034800B /* PBXContainerItemProxy */;
		};
/* End PBXTargetDependency section */

/* Begin PBXVariantGroup section */
		16F7BFB82569F34D0034800B /* Main.storyboard */ = {
			isa = PBXVariantGroup;
			children = (
				16F7BFB92569F34D0034800B /* Base */,
			);
			name = Main.storyboard;
			sourceTree = "<group>";
		};
		16F7BFBD2569F3510034800B /* LaunchScreen.storyboard */ = {
			isa = PBXVariantGroup;
			children = (
				16F7BFBE2569F3510034800B /* Base */,
			);
			name = LaunchScreen.storyboard;
			sourceTree = "<group>";
		};
/* End PBXVariantGroup section */

/* Begin XCBuildConfiguration section */
		16F7BFD72569F3510034800B /* Debug */ = {
			isa = XCBuildConfiguration;
			buildSettings = {
				ALWAYS_SEARCH_USER_PATHS = NO;
				CLANG_ANALYZER_NONNULL = YES;
				CLANG_ANALYZER_NUMBER_OBJECT_CONVERSION = YES_AGGRESSIVE;
				CLANG_CXX_LANGUAGE_STANDARD = "gnu++14";
				CLANG_CXX_LIBRARY = "libc++";
				CLANG_ENABLE_MODULES = YES;
				CLANG_ENABLE_OBJC_ARC = YES;
				CLANG_ENABLE_OBJC_WEAK = YES;
				CLANG_WARN_BLOCK_CAPTURE_AUTORELEASING = YES;
				CLANG_WARN_BOOL_CONVERSION = YES;
				CLANG_WARN_COMMA = YES;
				CLANG_WARN_CONSTANT_CONVERSION = YES;
				CLANG_WARN_DEPRECATED_OBJC_IMPLEMENTATIONS = YES;
				CLANG_WARN_DIRECT_OBJC_ISA_USAGE = YES_ERROR;
				CLANG_WARN_DOCUMENTATION_COMMENTS = YES;
				CLANG_WARN_EMPTY_BODY = YES;
				CLANG_WARN_ENUM_CONVERSION = YES;
				CLANG_WARN_INFINITE_RECURSION = YES;
				CLANG_WARN_INT_CONVERSION = YES;
				CLANG_WARN_NON_LITERAL_NULL_CONVERSION = YES;
				CLANG_WARN_OBJC_IMPLICIT_RETAIN_SELF = YES;
				CLANG_WARN_OBJC_LITERAL_CONVERSION = YES;
				CLANG_WARN_OBJC_ROOT_CLASS = YES_ERROR;
				CLANG_WARN_RANGE_LOOP_ANALYSIS = YES;
				CLANG_WARN_STRICT_PROTOTYPES = YES;
				CLANG_WARN_SUSPICIOUS_MOVE = YES;
				CLANG_WARN_UNGUARDED_AVAILABILITY = YES_AGGRESSIVE;
				CLANG_WARN_UNREACHABLE_CODE = YES;
				CLANG_WARN__DUPLICATE_METHOD_MATCH = YES;
				COPY_PHASE_STRIP = NO;
				DEBUG_INFORMATION_FORMAT = dwarf;
				ENABLE_STRICT_OBJC_MSGSEND = YES;
				ENABLE_TESTABILITY = YES;
				GCC_C_LANGUAGE_STANDARD = gnu11;
				GCC_DYNAMIC_NO_PIC = NO;
				GCC_NO_COMMON_BLOCKS = YES;
				GCC_OPTIMIZATION_LEVEL = 0;
				GCC_PREPROCESSOR_DEFINITIONS = (
					"DEBUG=1",
					"$(inherited)",
				);
				GCC_WARN_64_TO_32_BIT_CONVERSION = YES;
				GCC_WARN_ABOUT_RETURN_TYPE = YES_ERROR;
				GCC_WARN_UNDECLARED_SELECTOR = YES;
				GCC_WARN_UNINITIALIZED_AUTOS = YES_AGGRESSIVE;
				GCC_WARN_UNUSED_FUNCTION = YES;
				GCC_WARN_UNUSED_VARIABLE = YES;
				IPHONEOS_DEPLOYMENT_TARGET = 13.2;
				MTL_ENABLE_DEBUG_INFO = INCLUDE_SOURCE;
				MTL_FAST_MATH = YES;
				ONLY_ACTIVE_ARCH = YES;
				SDKROOT = iphoneos;
				SWIFT_ACTIVE_COMPILATION_CONDITIONS = DEBUG;
				SWIFT_OPTIMIZATION_LEVEL = "-Onone";
			};
			name = Debug;
		};
		16F7BFD82569F3510034800B /* Release */ = {
			isa = XCBuildConfiguration;
			buildSettings = {
				ALWAYS_SEARCH_USER_PATHS = NO;
				CLANG_ANALYZER_NONNULL = YES;
				CLANG_ANALYZER_NUMBER_OBJECT_CONVERSION = YES_AGGRESSIVE;
				CLANG_CXX_LANGUAGE_STANDARD = "gnu++14";
				CLANG_CXX_LIBRARY = "libc++";
				CLANG_ENABLE_MODULES = YES;
				CLANG_ENABLE_OBJC_ARC = YES;
				CLANG_ENABLE_OBJC_WEAK = YES;
				CLANG_WARN_BLOCK_CAPTURE_AUTORELEASING = YES;
				CLANG_WARN_BOOL_CONVERSION = YES;
				CLANG_WARN_COMMA = YES;
				CLANG_WARN_CONSTANT_CONVERSION = YES;
				CLANG_WARN_DEPRECATED_OBJC_IMPLEMENTATIONS = YES;
				CLANG_WARN_DIRECT_OBJC_ISA_USAGE = YES_ERROR;
				CLANG_WARN_DOCUMENTATION_COMMENTS = YES;
				CLANG_WARN_EMPTY_BODY = YES;
				CLANG_WARN_ENUM_CONVERSION = YES;
				CLANG_WARN_INFINITE_RECURSION = YES;
				CLANG_WARN_INT_CONVERSION = YES;
				CLANG_WARN_NON_LITERAL_NULL_CONVERSION = YES;
				CLANG_WARN_OBJC_IMPLICIT_RETAIN_SELF = YES;
				CLANG_WARN_OBJC_LITERAL_CONVERSION = YES;
				CLANG_WARN_OBJC_ROOT_CLASS = YES_ERROR;
				CLANG_WARN_RANGE_LOOP_ANALYSIS = YES;
				CLANG_WARN_STRICT_PROTOTYPES = YES;
				CLANG_WARN_SUSPICIOUS_MOVE = YES;
				CLANG_WARN_UNGUARDED_AVAILABILITY = YES_AGGRESSIVE;
				CLANG_WARN_UNREACHABLE_CODE = YES;
				CLANG_WARN__DUPLICATE_METHOD_MATCH = YES;
				COPY_PHASE_STRIP = NO;
				DEBUG_INFORMATION_FORMAT = "dwarf-with-dsym";
				ENABLE_NS_ASSERTIONS = NO;
				ENABLE_STRICT_OBJC_MSGSEND = YES;
				GCC_C_LANGUAGE_STANDARD = gnu11;
				GCC_NO_COMMON_BLOCKS = YES;
				GCC_WARN_64_TO_32_BIT_CONVERSION = YES;
				GCC_WARN_ABOUT_RETURN_TYPE = YES_ERROR;
				GCC_WARN_UNDECLARED_SELECTOR = YES;
				GCC_WARN_UNINITIALIZED_AUTOS = YES_AGGRESSIVE;
				GCC_WARN_UNUSED_FUNCTION = YES;
				GCC_WARN_UNUSED_VARIABLE = YES;
				IPHONEOS_DEPLOYMENT_TARGET = 13.2;
				MTL_ENABLE_DEBUG_INFO = NO;
				MTL_FAST_MATH = YES;
				SDKROOT = iphoneos;
				SWIFT_COMPILATION_MODE = wholemodule;
				SWIFT_OPTIMIZATION_LEVEL = "-O";
				VALIDATE_PRODUCT = YES;
			};
			name = Release;
		};
		16F7BFDA2569F3510034800B /* Debug */ = {
			isa = XCBuildConfiguration;
			buildSettings = {
				ASSETCATALOG_COMPILER_APPICON_NAME = AppIcon;
				CODE_SIGN_STYLE = Automatic;
				INFOPLIST_FILE = Insta/Info.plist;
				LD_RUNPATH_SEARCH_PATHS = (
					"$(inherited)",
					"@executable_path/Frameworks",
				);
				PRODUCT_BUNDLE_IDENTIFIER = CodePath.Insta;
				PRODUCT_NAME = "$(TARGET_NAME)";
				SWIFT_VERSION = 5.0;
				TARGETED_DEVICE_FAMILY = "1,2";
			};
			name = Debug;
		};
		16F7BFDB2569F3510034800B /* Release */ = {
			isa = XCBuildConfiguration;
			buildSettings = {
				ASSETCATALOG_COMPILER_APPICON_NAME = AppIcon;
				CODE_SIGN_STYLE = Automatic;
				INFOPLIST_FILE = Insta/Info.plist;
				LD_RUNPATH_SEARCH_PATHS = (
					"$(inherited)",
					"@executable_path/Frameworks",
				);
				PRODUCT_BUNDLE_IDENTIFIER = CodePath.Insta;
				PRODUCT_NAME = "$(TARGET_NAME)";
				SWIFT_VERSION = 5.0;
				TARGETED_DEVICE_FAMILY = "1,2";
			};
			name = Release;
		};
		16F7BFDD2569F3510034800B /* Debug */ = {
			isa = XCBuildConfiguration;
			buildSettings = {
				ALWAYS_EMBED_SWIFT_STANDARD_LIBRARIES = YES;
				BUNDLE_LOADER = "$(TEST_HOST)";
				CODE_SIGN_STYLE = Automatic;
				INFOPLIST_FILE = InstaTests/Info.plist;
				IPHONEOS_DEPLOYMENT_TARGET = 13.2;
				LD_RUNPATH_SEARCH_PATHS = (
					"$(inherited)",
					"@executable_path/Frameworks",
					"@loader_path/Frameworks",
				);
				PRODUCT_BUNDLE_IDENTIFIER = CodePath.InstaTests;
				PRODUCT_NAME = "$(TARGET_NAME)";
				SWIFT_VERSION = 5.0;
				TARGETED_DEVICE_FAMILY = "1,2";
				TEST_HOST = "$(BUILT_PRODUCTS_DIR)/Insta.app/Insta";
			};
			name = Debug;
		};
		16F7BFDE2569F3510034800B /* Release */ = {
			isa = XCBuildConfiguration;
			buildSettings = {
				ALWAYS_EMBED_SWIFT_STANDARD_LIBRARIES = YES;
				BUNDLE_LOADER = "$(TEST_HOST)";
				CODE_SIGN_STYLE = Automatic;
				INFOPLIST_FILE = InstaTests/Info.plist;
				IPHONEOS_DEPLOYMENT_TARGET = 13.2;
				LD_RUNPATH_SEARCH_PATHS = (
					"$(inherited)",
					"@executable_path/Frameworks",
					"@loader_path/Frameworks",
				);
				PRODUCT_BUNDLE_IDENTIFIER = CodePath.InstaTests;
				PRODUCT_NAME = "$(TARGET_NAME)";
				SWIFT_VERSION = 5.0;
				TARGETED_DEVICE_FAMILY = "1,2";
				TEST_HOST = "$(BUILT_PRODUCTS_DIR)/Insta.app/Insta";
			};
			name = Release;
		};
		16F7BFE02569F3510034800B /* Debug */ = {
			isa = XCBuildConfiguration;
			buildSettings = {
				ALWAYS_EMBED_SWIFT_STANDARD_LIBRARIES = YES;
				CODE_SIGN_STYLE = Automatic;
				INFOPLIST_FILE = InstaUITests/Info.plist;
				LD_RUNPATH_SEARCH_PATHS = (
					"$(inherited)",
					"@executable_path/Frameworks",
					"@loader_path/Frameworks",
				);
				PRODUCT_BUNDLE_IDENTIFIER = CodePath.InstaUITests;
				PRODUCT_NAME = "$(TARGET_NAME)";
				SWIFT_VERSION = 5.0;
				TARGETED_DEVICE_FAMILY = "1,2";
				TEST_TARGET_NAME = Insta;
			};
			name = Debug;
		};
		16F7BFE12569F3510034800B /* Release */ = {
			isa = XCBuildConfiguration;
			buildSettings = {
				ALWAYS_EMBED_SWIFT_STANDARD_LIBRARIES = YES;
				CODE_SIGN_STYLE = Automatic;
				INFOPLIST_FILE = InstaUITests/Info.plist;
				LD_RUNPATH_SEARCH_PATHS = (
					"$(inherited)",
					"@executable_path/Frameworks",
					"@loader_path/Frameworks",
				);
				PRODUCT_BUNDLE_IDENTIFIER = CodePath.InstaUITests;
				PRODUCT_NAME = "$(TARGET_NAME)";
				SWIFT_VERSION = 5.0;
				TARGETED_DEVICE_FAMILY = "1,2";
				TEST_TARGET_NAME = Insta;
			};
			name = Release;
		};
/* End XCBuildConfiguration section */

/* Begin XCConfigurationList section */
		16F7BFAA2569F34D0034800B /* Build configuration list for PBXProject "Insta" */ = {
			isa = XCConfigurationList;
			buildConfigurations = (
				16F7BFD72569F3510034800B /* Debug */,
				16F7BFD82569F3510034800B /* Release */,
			);
			defaultConfigurationIsVisible = 0;
			defaultConfigurationName = Release;
		};
		16F7BFD92569F3510034800B /* Build configuration list for PBXNativeTarget "Insta" */ = {
			isa = XCConfigurationList;
			buildConfigurations = (
				16F7BFDA2569F3510034800B /* Debug */,
				16F7BFDB2569F3510034800B /* Release */,
			);
			defaultConfigurationIsVisible = 0;
			defaultConfigurationName = Release;
		};
		16F7BFDC2569F3510034800B /* Build configuration list for PBXNativeTarget "InstaTests" */ = {
			isa = XCConfigurationList;
			buildConfigurations = (
				16F7BFDD2569F3510034800B /* Debug */,
				16F7BFDE2569F3510034800B /* Release */,
			);
			defaultConfigurationIsVisible = 0;
			defaultConfigurationName = Release;
		};
		16F7BFDF2569F3510034800B /* Build configuration list for PBXNativeTarget "InstaUITests" */ = {
			isa = XCConfigurationList;
			buildConfigurations = (
				16F7BFE02569F3510034800B /* Debug */,
				16F7BFE12569F3510034800B /* Release */,
			);
			defaultConfigurationIsVisible = 0;
			defaultConfigurationName = Release;
		};
/* End XCConfigurationList section */
	};
	rootObject = 16F7BFA72569F34D0034800B /* Project object */;
}
